// !$*UTF8*$!
{
	archiveVersion = 1;
	classes = {
	};
	objectVersion = 50;
	objects = {

/* Begin PBXBuildFile section */
		646DB74A386037C5597ABC6E /* Pods_ComebackSwift.framework in Frameworks */ = {isa = PBXBuildFile; fileRef = 51FFD58D217D5AA7C8AD3EB8 /* Pods_ComebackSwift.framework */; };
		6E4763C521DF90630089EA89 /* AppDelegate.swift in Sources */ = {isa = PBXBuildFile; fileRef = 6E4763C421DF90630089EA89 /* AppDelegate.swift */; };
		6E4763C721DF90630089EA89 /* ViewController.swift in Sources */ = {isa = PBXBuildFile; fileRef = 6E4763C621DF90630089EA89 /* ViewController.swift */; };
		6E4763CA21DF90630089EA89 /* Main.storyboard in Resources */ = {isa = PBXBuildFile; fileRef = 6E4763C821DF90630089EA89 /* Main.storyboard */; };
		6E4763CF21DF90640089EA89 /* LaunchScreen.storyboard in Resources */ = {isa = PBXBuildFile; fileRef = 6E4763CD21DF90640089EA89 /* LaunchScreen.storyboard */; };
		6E4763D921DF91650089EA89 /* Assets.xcassets in Resources */ = {isa = PBXBuildFile; fileRef = 6E4763D821DF91650089EA89 /* Assets.xcassets */; };
		6E4763EB21DF92E90089EA89 /* ArticleViewController.swift in Sources */ = {isa = PBXBuildFile; fileRef = 6E4763EA21DF92E90089EA89 /* ArticleViewController.swift */; };
		6E4763EE21DF93000089EA89 /* CompassViewController.swift in Sources */ = {isa = PBXBuildFile; fileRef = 6E4763ED21DF93000089EA89 /* CompassViewController.swift */; };
		6E4763F121DF931B0089EA89 /* FavourViewController.swift in Sources */ = {isa = PBXBuildFile; fileRef = 6E4763F021DF931B0089EA89 /* FavourViewController.swift */; };
		6E4763F421DF932C0089EA89 /* HomeViewController.swift in Sources */ = {isa = PBXBuildFile; fileRef = 6E4763F321DF932C0089EA89 /* HomeViewController.swift */; };
		6E4763F721DF933F0089EA89 /* LeftMenuViewController.swift in Sources */ = {isa = PBXBuildFile; fileRef = 6E4763F621DF933F0089EA89 /* LeftMenuViewController.swift */; };
		6E4763FA21DF93500089EA89 /* LocationViewController.swift in Sources */ = {isa = PBXBuildFile; fileRef = 6E4763F921DF93500089EA89 /* LocationViewController.swift */; };
		6E4763FD21DF93610089EA89 /* MainTabbarViewController.swift in Sources */ = {isa = PBXBuildFile; fileRef = 6E4763FC21DF93610089EA89 /* MainTabbarViewController.swift */; };
/* End PBXBuildFile section */

/* Begin PBXFileReference section */
		47FF4AD254FFBBF6D4661D7E /* Pods-ComebackSwift.debug.xcconfig */ = {isa = PBXFileReference; includeInIndex = 1; lastKnownFileType = text.xcconfig; name = "Pods-ComebackSwift.debug.xcconfig"; path = "Target Support Files/Pods-ComebackSwift/Pods-ComebackSwift.debug.xcconfig"; sourceTree = "<group>"; };
		51FFD58D217D5AA7C8AD3EB8 /* Pods_ComebackSwift.framework */ = {isa = PBXFileReference; explicitFileType = wrapper.framework; includeInIndex = 0; path = Pods_ComebackSwift.framework; sourceTree = BUILT_PRODUCTS_DIR; };
		6E4763C121DF90630089EA89 /* ComebackSwift.app */ = {isa = PBXFileReference; explicitFileType = wrapper.application; includeInIndex = 0; path = ComebackSwift.app; sourceTree = BUILT_PRODUCTS_DIR; };
		6E4763C421DF90630089EA89 /* AppDelegate.swift */ = {isa = PBXFileReference; lastKnownFileType = sourcecode.swift; path = AppDelegate.swift; sourceTree = "<group>"; };
		6E4763C621DF90630089EA89 /* ViewController.swift */ = {isa = PBXFileReference; lastKnownFileType = sourcecode.swift; path = ViewController.swift; sourceTree = "<group>"; };
		6E4763C921DF90630089EA89 /* Base */ = {isa = PBXFileReference; lastKnownFileType = file.storyboard; name = Base; path = Base.lproj/Main.storyboard; sourceTree = "<group>"; };
		6E4763CE21DF90640089EA89 /* Base */ = {isa = PBXFileReference; lastKnownFileType = file.storyboard; name = Base; path = Base.lproj/LaunchScreen.storyboard; sourceTree = "<group>"; };
		6E4763D021DF90640089EA89 /* Info.plist */ = {isa = PBXFileReference; lastKnownFileType = text.plist.xml; path = Info.plist; sourceTree = "<group>"; };
		6E4763D821DF91650089EA89 /* Assets.xcassets */ = {isa = PBXFileReference; lastKnownFileType = folder.assetcatalog; name = Assets.xcassets; path = ../../../../../../Downloads/ProjectS_Swift/ProjectS_Swift/Resource/Assets.xcassets; sourceTree = "<group>"; };
		6E4763EA21DF92E90089EA89 /* ArticleViewController.swift */ = {isa = PBXFileReference; fileEncoding = 4; lastKnownFileType = sourcecode.swift; path = ArticleViewController.swift; sourceTree = "<group>"; };
		6E4763ED21DF93000089EA89 /* CompassViewController.swift */ = {isa = PBXFileReference; fileEncoding = 4; lastKnownFileType = sourcecode.swift; path = CompassViewController.swift; sourceTree = "<group>"; };
		6E4763F021DF931B0089EA89 /* FavourViewController.swift */ = {isa = PBXFileReference; fileEncoding = 4; lastKnownFileType = sourcecode.swift; path = FavourViewController.swift; sourceTree = "<group>"; };
		6E4763F321DF932C0089EA89 /* HomeViewController.swift */ = {isa = PBXFileReference; fileEncoding = 4; lastKnownFileType = sourcecode.swift; path = HomeViewController.swift; sourceTree = "<group>"; };
		6E4763F621DF933F0089EA89 /* LeftMenuViewController.swift */ = {isa = PBXFileReference; fileEncoding = 4; lastKnownFileType = sourcecode.swift; path = LeftMenuViewController.swift; sourceTree = "<group>"; };
		6E4763F921DF93500089EA89 /* LocationViewController.swift */ = {isa = PBXFileReference; fileEncoding = 4; lastKnownFileType = sourcecode.swift; path = LocationViewController.swift; sourceTree = "<group>"; };
		6E4763FC21DF93610089EA89 /* MainTabbarViewController.swift */ = {isa = PBXFileReference; fileEncoding = 4; lastKnownFileType = sourcecode.swift; path = MainTabbarViewController.swift; sourceTree = "<group>"; };
		BE86E95D4FD25377EBA9B9F1 /* Pods-ComebackSwift.release.xcconfig */ = {isa = PBXFileReference; includeInIndex = 1; lastKnownFileType = text.xcconfig; name = "Pods-ComebackSwift.release.xcconfig"; path = "Target Support Files/Pods-ComebackSwift/Pods-ComebackSwift.release.xcconfig"; sourceTree = "<group>"; };
/* End PBXFileReference section */

/* Begin PBXFrameworksBuildPhase section */
		6E4763BE21DF90630089EA89 /* Frameworks */ = {
			isa = PBXFrameworksBuildPhase;
			buildActionMask = 2147483647;
			files = (
				646DB74A386037C5597ABC6E /* Pods_ComebackSwift.framework in Frameworks */,
			);
			runOnlyForDeploymentPostprocessing = 0;
		};
/* End PBXFrameworksBuildPhase section */

/* Begin PBXGroup section */
		5AAD2D739D448762F08E4FB9 /* Pods */ = {
			isa = PBXGroup;
			children = (
				47FF4AD254FFBBF6D4661D7E /* Pods-ComebackSwift.debug.xcconfig */,
				BE86E95D4FD25377EBA9B9F1 /* Pods-ComebackSwift.release.xcconfig */,
			);
			path = Pods;
			sourceTree = "<group>";
		};
		6E4763B821DF90630089EA89 = {
			isa = PBXGroup;
			children = (
				6E4763C321DF90630089EA89 /* ComebackSwift */,
				6E4763C221DF90630089EA89 /* Products */,
				5AAD2D739D448762F08E4FB9 /* Pods */,
				B7A32CDAA3B6F94E50573970 /* Frameworks */,
			);
			sourceTree = "<group>";
		};
		6E4763C221DF90630089EA89 /* Products */ = {
			isa = PBXGroup;
			children = (
				6E4763C121DF90630089EA89 /* ComebackSwift.app */,
			);
			name = Products;
			sourceTree = "<group>";
		};
		6E4763C321DF90630089EA89 /* ComebackSwift */ = {
			isa = PBXGroup;
			children = (
				6E4763FB21DF93570089EA89 /* Tabbar */,
				6E4763F821DF93460089EA89 /* Location */,
				6E4763F521DF93340089EA89 /* LeftMenu */,
				6E4763F221DF93210089EA89 /* Home */,
				6E4763EF21DF930F0089EA89 /* Favour */,
				6E4763EC21DF92F20089EA89 /* Compass */,
				6E4763E921DF92C60089EA89 /* Article */,
				6E4763D621DF90FA0089EA89 /* Application */,
				6E4763C621DF90630089EA89 /* ViewController.swift */,
				6E4763D721DF91220089EA89 /* Resource */,
				6E4763D021DF90640089EA89 /* Info.plist */,
			);
			path = ComebackSwift;
			sourceTree = "<group>";
		};
		6E4763D621DF90FA0089EA89 /* Application */ = {
			isa = PBXGroup;
			children = (
				6E4763C421DF90630089EA89 /* AppDelegate.swift */,
			);
			path = Application;
			sourceTree = "<group>";
		};
		6E4763D721DF91220089EA89 /* Resource */ = {
			isa = PBXGroup;
			children = (
				6E4763D821DF91650089EA89 /* Assets.xcassets */,
				6E4763CD21DF90640089EA89 /* LaunchScreen.storyboard */,
				6E4763C821DF90630089EA89 /* Main.storyboard */,
			);
			path = Resource;
			sourceTree = "<group>";
		};
		6E4763E921DF92C60089EA89 /* Article */ = {
			isa = PBXGroup;
			children = (
				6E4763EA21DF92E90089EA89 /* ArticleViewController.swift */,
			);
			path = Article;
			sourceTree = "<group>";
		};
		6E4763EC21DF92F20089EA89 /* Compass */ = {
			isa = PBXGroup;
			children = (
				6E4763ED21DF93000089EA89 /* CompassViewController.swift */,
			);
			path = Compass;
			sourceTree = "<group>";
		};
		6E4763EF21DF930F0089EA89 /* Favour */ = {
			isa = PBXGroup;
			children = (
				6E4763F021DF931B0089EA89 /* FavourViewController.swift */,
			);
			path = Favour;
			sourceTree = "<group>";
		};
		6E4763F221DF93210089EA89 /* Home */ = {
			isa = PBXGroup;
			children = (
				6E4763F321DF932C0089EA89 /* HomeViewController.swift */,
			);
			path = Home;
			sourceTree = "<group>";
		};
		6E4763F521DF93340089EA89 /* LeftMenu */ = {
			isa = PBXGroup;
			children = (
				6E4763F621DF933F0089EA89 /* LeftMenuViewController.swift */,
			);
			path = LeftMenu;
			sourceTree = "<group>";
		};
		6E4763F821DF93460089EA89 /* Location */ = {
			isa = PBXGroup;
			children = (
				6E4763F921DF93500089EA89 /* LocationViewController.swift */,
			);
			path = Location;
			sourceTree = "<group>";
		};
		6E4763FB21DF93570089EA89 /* Tabbar */ = {
			isa = PBXGroup;
			children = (
				6E4763FC21DF93610089EA89 /* MainTabbarViewController.swift */,
			);
			path = Tabbar;
			sourceTree = "<group>";
		};
		B7A32CDAA3B6F94E50573970 /* Frameworks */ = {
			isa = PBXGroup;
			children = (
				51FFD58D217D5AA7C8AD3EB8 /* Pods_ComebackSwift.framework */,
			);
			name = Frameworks;
			sourceTree = "<group>";
		};
/* End PBXGroup section */

/* Begin PBXNativeTarget section */
		6E4763C021DF90630089EA89 /* ComebackSwift */ = {
			isa = PBXNativeTarget;
			buildConfigurationList = 6E4763D321DF90640089EA89 /* Build configuration list for PBXNativeTarget "ComebackSwift" */;
			buildPhases = (
				E6C28CBBFFF67B565151D5DF /* [CP] Check Pods Manifest.lock */,
				6E4763BD21DF90630089EA89 /* Sources */,
				6E4763BE21DF90630089EA89 /* Frameworks */,
				6E4763BF21DF90630089EA89 /* Resources */,
				F6387E659A9E9C0116B5F3A0 /* [CP] Embed Pods Frameworks */,
			);
			buildRules = (
			);
			dependencies = (
			);
			name = ComebackSwift;
			productName = ComebackSwift;
			productReference = 6E4763C121DF90630089EA89 /* ComebackSwift.app */;
			productType = "com.apple.product-type.application";
		};
/* End PBXNativeTarget section */

/* Begin PBXProject section */
		6E4763B921DF90630089EA89 /* Project object */ = {
			isa = PBXProject;
			attributes = {
				LastSwiftUpdateCheck = 1010;
				LastUpgradeCheck = 1010;
				ORGANIZATIONNAME = "thien tran";
				TargetAttributes = {
					6E4763C021DF90630089EA89 = {
						CreatedOnToolsVersion = 10.1;
					};
				};
			};
			buildConfigurationList = 6E4763BC21DF90630089EA89 /* Build configuration list for PBXProject "ComebackSwift" */;
			compatibilityVersion = "Xcode 9.3";
			developmentRegion = en;
			hasScannedForEncodings = 0;
			knownRegions = (
				en,
				Base,
			);
			mainGroup = 6E4763B821DF90630089EA89;
			productRefGroup = 6E4763C221DF90630089EA89 /* Products */;
			projectDirPath = "";
			projectRoot = "";
			targets = (
				6E4763C021DF90630089EA89 /* ComebackSwift */,
			);
		};
/* End PBXProject section */

/* Begin PBXResourcesBuildPhase section */
		6E4763BF21DF90630089EA89 /* Resources */ = {
			isa = PBXResourcesBuildPhase;
			buildActionMask = 2147483647;
			files = (
				6E4763CF21DF90640089EA89 /* LaunchScreen.storyboard in Resources */,
				6E4763D921DF91650089EA89 /* Assets.xcassets in Resources */,
				6E4763CA21DF90630089EA89 /* Main.storyboard in Resources */,
			);
			runOnlyForDeploymentPostprocessing = 0;
		};
/* End PBXResourcesBuildPhase section */

/* Begin PBXShellScriptBuildPhase section */
		E6C28CBBFFF67B565151D5DF /* [CP] Check Pods Manifest.lock */ = {
			isa = PBXShellScriptBuildPhase;
			buildActionMask = 2147483647;
			files = (
			);
			inputFileListPaths = (
			);
			inputPaths = (
				"${PODS_PODFILE_DIR_PATH}/Podfile.lock",
				"${PODS_ROOT}/Manifest.lock",
			);
			name = "[CP] Check Pods Manifest.lock";
			outputFileListPaths = (
			);
			outputPaths = (
				"$(DERIVED_FILE_DIR)/Pods-ComebackSwift-checkManifestLockResult.txt",
			);
			runOnlyForDeploymentPostprocessing = 0;
			shellPath = /bin/sh;
			shellScript = "diff \"${PODS_PODFILE_DIR_PATH}/Podfile.lock\" \"${PODS_ROOT}/Manifest.lock\" > /dev/null\nif [ $? != 0 ] ; then\n    # print error to STDERR\n    echo \"error: The sandbox is not in sync with the Podfile.lock. Run 'pod install' or update your CocoaPods installation.\" >&2\n    exit 1\nfi\n# This output is used by Xcode 'outputs' to avoid re-running this script phase.\necho \"SUCCESS\" > \"${SCRIPT_OUTPUT_FILE_0}\"\n";
			showEnvVarsInLog = 0;
		};
		F6387E659A9E9C0116B5F3A0 /* [CP] Embed Pods Frameworks */ = {
			isa = PBXShellScriptBuildPhase;
			buildActionMask = 2147483647;
			files = (
			);
			inputFileListPaths = (
			);
			inputPaths = (
				"${PODS_ROOT}/Target Support Files/Pods-ComebackSwift/Pods-ComebackSwift-frameworks.sh",
				"${BUILT_PRODUCTS_DIR}/SlideMenuControllerSwift/SlideMenuControllerSwift.framework",
			);
			name = "[CP] Embed Pods Frameworks";
			outputFileListPaths = (
			);
			outputPaths = (
				"${TARGET_BUILD_DIR}/${FRAMEWORKS_FOLDER_PATH}/SlideMenuControllerSwift.framework",
			);
			runOnlyForDeploymentPostprocessing = 0;
			shellPath = /bin/sh;
			shellScript = "\"${PODS_ROOT}/Target Support Files/Pods-ComebackSwift/Pods-ComebackSwift-frameworks.sh\"\n";
			showEnvVarsInLog = 0;
		};
/* End PBXShellScriptBuildPhase section */

/* Begin PBXSourcesBuildPhase section */
		6E4763BD21DF90630089EA89 /* Sources */ = {
			isa = PBXSourcesBuildPhase;
			buildActionMask = 2147483647;
			files = (
				6E4763FD21DF93610089EA89 /* MainTabbarViewController.swift in Sources */,
				6E4763F121DF931B0089EA89 /* FavourViewController.swift in Sources */,
				6E4763C721DF90630089EA89 /* ViewController.swift in Sources */,
				6E4763EB21DF92E90089EA89 /* ArticleViewController.swift in Sources */,
				6E4763C521DF90630089EA89 /* AppDelegate.swift in Sources */,
				6E4763EE21DF93000089EA89 /* CompassViewController.swift in Sources */,
				6E4763F721DF933F0089EA89 /* LeftMenuViewController.swift in Sources */,
				6E4763F421DF932C0089EA89 /* HomeViewController.swift in Sources */,
				6E4763FA21DF93500089EA89 /* LocationViewController.swift in Sources */,
			);
			runOnlyForDeploymentPostprocessing = 0;
		};
/* End PBXSourcesBuildPhase section */

/* Begin PBXVariantGroup section */
		6E4763C821DF90630089EA89 /* Main.storyboard */ = {
			isa = PBXVariantGroup;
			children = (
				6E4763C921DF90630089EA89 /* Base */,
			);
			name = Main.storyboard;
			sourceTree = "<group>";
		};
		6E4763CD21DF90640089EA89 /* LaunchScreen.storyboard */ = {
			isa = PBXVariantGroup;
			children = (
				6E4763CE21DF90640089EA89 /* Base */,
			);
			name = LaunchScreen.storyboard;
			sourceTree = "<group>";
		};
/* End PBXVariantGroup section */

/* Begin XCBuildConfiguration section */
		6E4763D121DF90640089EA89 /* Debug */ = {
			isa = XCBuildConfiguration;
			buildSettings = {
				ALWAYS_SEARCH_USER_PATHS = NO;
				CLANG_ANALYZER_NONNULL = YES;
				CLANG_ANALYZER_NUMBER_OBJECT_CONVERSION = YES_AGGRESSIVE;
				CLANG_CXX_LANGUAGE_STANDARD = "gnu++14";
				CLANG_CXX_LIBRARY = "libc++";
				CLANG_ENABLE_MODULES = YES;
				CLANG_ENABLE_OBJC_ARC = YES;
				CLANG_ENABLE_OBJC_WEAK = YES;
				CLANG_WARN_BLOCK_CAPTURE_AUTORELEASING = YES;
				CLANG_WARN_BOOL_CONVERSION = YES;
				CLANG_WARN_COMMA = YES;
				CLANG_WARN_CONSTANT_CONVERSION = YES;
				CLANG_WARN_DEPRECATED_OBJC_IMPLEMENTATIONS = YES;
				CLANG_WARN_DIRECT_OBJC_ISA_USAGE = YES_ERROR;
				CLANG_WARN_DOCUMENTATION_COMMENTS = YES;
				CLANG_WARN_EMPTY_BODY = YES;
				CLANG_WARN_ENUM_CONVERSION = YES;
				CLANG_WARN_INFINITE_RECURSION = YES;
				CLANG_WARN_INT_CONVERSION = YES;
				CLANG_WARN_NON_LITERAL_NULL_CONVERSION = YES;
				CLANG_WARN_OBJC_IMPLICIT_RETAIN_SELF = YES;
				CLANG_WARN_OBJC_LITERAL_CONVERSION = YES;
				CLANG_WARN_OBJC_ROOT_CLASS = YES_ERROR;
				CLANG_WARN_RANGE_LOOP_ANALYSIS = YES;
				CLANG_WARN_STRICT_PROTOTYPES = YES;
				CLANG_WARN_SUSPICIOUS_MOVE = YES;
				CLANG_WARN_UNGUARDED_AVAILABILITY = YES_AGGRESSIVE;
				CLANG_WARN_UNREACHABLE_CODE = YES;
				CLANG_WARN__DUPLICATE_METHOD_MATCH = YES;
				CODE_SIGN_IDENTITY = "iPhone Developer";
				COPY_PHASE_STRIP = NO;
				DEBUG_INFORMATION_FORMAT = dwarf;
				ENABLE_STRICT_OBJC_MSGSEND = YES;
				ENABLE_TESTABILITY = YES;
				GCC_C_LANGUAGE_STANDARD = gnu11;
				GCC_DYNAMIC_NO_PIC = NO;
				GCC_NO_COMMON_BLOCKS = YES;
				GCC_OPTIMIZATION_LEVEL = 0;
				GCC_PREPROCESSOR_DEFINITIONS = (
					"DEBUG=1",
					"$(inherited)",
				);
				GCC_WARN_64_TO_32_BIT_CONVERSION = YES;
				GCC_WARN_ABOUT_RETURN_TYPE = YES_ERROR;
				GCC_WARN_UNDECLARED_SELECTOR = YES;
				GCC_WARN_UNINITIALIZED_AUTOS = YES_AGGRESSIVE;
				GCC_WARN_UNUSED_FUNCTION = YES;
				GCC_WARN_UNUSED_VARIABLE = YES;
				IPHONEOS_DEPLOYMENT_TARGET = 12.1;
				MTL_ENABLE_DEBUG_INFO = INCLUDE_SOURCE;
				MTL_FAST_MATH = YES;
				ONLY_ACTIVE_ARCH = YES;
				SDKROOT = iphoneos;
				SWIFT_ACTIVE_COMPILATION_CONDITIONS = DEBUG;
				SWIFT_OPTIMIZATION_LEVEL = "-Onone";
			};
			name = Debug;
		};
		6E4763D221DF90640089EA89 /* Release */ = {
			isa = XCBuildConfiguration;
			buildSettings = {
				ALWAYS_SEARCH_USER_PATHS = NO;
				CLANG_ANALYZER_NONNULL = YES;
				CLANG_ANALYZER_NUMBER_OBJECT_CONVERSION = YES_AGGRESSIVE;
				CLANG_CXX_LANGUAGE_STANDARD = "gnu++14";
				CLANG_CXX_LIBRARY = "libc++";
				CLANG_ENABLE_MODULES = YES;
				CLANG_ENABLE_OBJC_ARC = YES;
				CLANG_ENABLE_OBJC_WEAK = YES;
				CLANG_WARN_BLOCK_CAPTURE_AUTORELEASING = YES;
				CLANG_WARN_BOOL_CONVERSION = YES;
				CLANG_WARN_COMMA = YES;
				CLANG_WARN_CONSTANT_CONVERSION = YES;
				CLANG_WARN_DEPRECATED_OBJC_IMPLEMENTATIONS = YES;
				CLANG_WARN_DIRECT_OBJC_ISA_USAGE = YES_ERROR;
				CLANG_WARN_DOCUMENTATION_COMMENTS = YES;
				CLANG_WARN_EMPTY_BODY = YES;
				CLANG_WARN_ENUM_CONVERSION = YES;
				CLANG_WARN_INFINITE_RECURSION = YES;
				CLANG_WARN_INT_CONVERSION = YES;
				CLANG_WARN_NON_LITERAL_NULL_CONVERSION = YES;
				CLANG_WARN_OBJC_IMPLICIT_RETAIN_SELF = YES;
				CLANG_WARN_OBJC_LITERAL_CONVERSION = YES;
				CLANG_WARN_OBJC_ROOT_CLASS = YES_ERROR;
				CLANG_WARN_RANGE_LOOP_ANALYSIS = YES;
				CLANG_WARN_STRICT_PROTOTYPES = YES;
				CLANG_WARN_SUSPICIOUS_MOVE = YES;
				CLANG_WARN_UNGUARDED_AVAILABILITY = YES_AGGRESSIVE;
				CLANG_WARN_UNREACHABLE_CODE = YES;
				CLANG_WARN__DUPLICATE_METHOD_MATCH = YES;
				CODE_SIGN_IDENTITY = "iPhone Developer";
				COPY_PHASE_STRIP = NO;
				DEBUG_INFORMATION_FORMAT = "dwarf-with-dsym";
				ENABLE_NS_ASSERTIONS = NO;
				ENABLE_STRICT_OBJC_MSGSEND = YES;
				GCC_C_LANGUAGE_STANDARD = gnu11;
				GCC_NO_COMMON_BLOCKS = YES;
				GCC_WARN_64_TO_32_BIT_CONVERSION = YES;
				GCC_WARN_ABOUT_RETURN_TYPE = YES_ERROR;
				GCC_WARN_UNDECLARED_SELECTOR = YES;
				GCC_WARN_UNINITIALIZED_AUTOS = YES_AGGRESSIVE;
				GCC_WARN_UNUSED_FUNCTION = YES;
				GCC_WARN_UNUSED_VARIABLE = YES;
				IPHONEOS_DEPLOYMENT_TARGET = 12.1;
				MTL_ENABLE_DEBUG_INFO = NO;
				MTL_FAST_MATH = YES;
				SDKROOT = iphoneos;
				SWIFT_COMPILATION_MODE = wholemodule;
				SWIFT_OPTIMIZATION_LEVEL = "-O";
				VALIDATE_PRODUCT = YES;
			};
			name = Release;
		};
		6E4763D421DF90640089EA89 /* Debug */ = {
			isa = XCBuildConfiguration;
			baseConfigurationReference = 47FF4AD254FFBBF6D4661D7E /* Pods-ComebackSwift.debug.xcconfig */;
			buildSettings = {
				ASSETCATALOG_COMPILER_APPICON_NAME = AppIcon;
				CODE_SIGN_STYLE = Automatic;
				INFOPLIST_FILE = ComebackSwift/Info.plist;
				LD_RUNPATH_SEARCH_PATHS = (
					"$(inherited)",
					"@executable_path/Frameworks",
				);
				PRODUCT_BUNDLE_IDENTIFIER = com.vlett.ComebackSwift;
				PRODUCT_NAME = "$(TARGET_NAME)";
				SWIFT_VERSION = 4.2;
				TARGETED_DEVICE_FAMILY = "1,2";
			};
			name = Debug;
		};
		6E4763D521DF90640089EA89 /* Release */ = {
			isa = XCBuildConfiguration;
			baseConfigurationReference = BE86E95D4FD25377EBA9B9F1 /* Pods-ComebackSwift.release.xcconfig */;
			buildSettings = {
				ASSETCATALOG_COMPILER_APPICON_NAME = AppIcon;
				CODE_SIGN_STYLE = Automatic;
				INFOPLIST_FILE = ComebackSwift/Info.plist;
				LD_RUNPATH_SEARCH_PATHS = (
					"$(inherited)",
					"@executable_path/Frameworks",
				);
				PRODUCT_BUNDLE_IDENTIFIER = com.vlett.ComebackSwift;
				PRODUCT_NAME = "$(TARGET_NAME)";
				SWIFT_VERSION = 4.2;
				TARGETED_DEVICE_FAMILY = "1,2";
			};
			name = Release;
		};
/* End XCBuildConfiguration section */

/* Begin XCConfigurationList section */
		6E4763BC21DF90630089EA89 /* Build configuration list for PBXProject "ComebackSwift" */ = {
			isa = XCConfigurationList;
			buildConfigurations = (
				6E4763D121DF90640089EA89 /* Debug */,
				6E4763D221DF90640089EA89 /* Release */,
			);
			defaultConfigurationIsVisible = 0;
			defaultConfigurationName = Release;
		};
		6E4763D321DF90640089EA89 /* Build configuration list for PBXNativeTarget "ComebackSwift" */ = {
			isa = XCConfigurationList;
			buildConfigurations = (
				6E4763D421DF90640089EA89 /* Debug */,
				6E4763D521DF90640089EA89 /* Release */,
			);
			defaultConfigurationIsVisible = 0;
			defaultConfigurationName = Release;
		};
/* End XCConfigurationList section */
	};
	rootObject = 6E4763B921DF90630089EA89 /* Project object */;
}
